
Microsoft Visual Studio Solution File, Format Version 12.00
# Visual Studio Version 17
VisualStudioVersion = 17.4.33103.184
MinimumVisualStudioVersion = 10.0.40219.1
Project("{9A19103F-16F7-4668-BE54-9A1E7A4F7556}") = "WebApiFSP", "WebApiFSP\WebApiFSP.csproj", "{441B02AF-D2B6-45AF-B98A-9FF3B83AF4C8}"
EndProject
Project("{FAE04EC0-301F-11D3-BF4B-00C04F79EFBC}") = "WepApiFSP.Data", "WepApiFSP.Data\WepApiFSP.Data.csproj", "{4774EABD-69B2-4264-ABA2-0DCD6D5231D1}"
EndProject
Global
	GlobalSection(SolutionConfigurationPlatforms) = preSolution
		Debug|Any CPU = Debug|Any CPU
		Release|Any CPU = Release|Any CPU
	EndGlobalSection
	GlobalSection(ProjectConfigurationPlatforms) = postSolution
		{441B02AF-D2B6-45AF-B98A-9FF3B83AF4C8}.Debug|Any CPU.ActiveCfg = Debug|Any CPU
		{441B02AF-D2B6-45AF-B98A-9FF3B83AF4C8}.Debug|Any CPU.Build.0 = Debug|Any CPU
		{441B02AF-D2B6-45AF-B98A-9FF3B83AF4C8}.Release|Any CPU.ActiveCfg = Release|Any CPU
		{441B02AF-D2B6-45AF-B98A-9FF3B83AF4C8}.Release|Any CPU.Build.0 = Release|Any CPU
		{4774EABD-69B2-4264-ABA2-0DCD6D5231D1}.Debug|Any CPU.ActiveCfg = Debug|Any CPU
		{4774EABD-69B2-4264-ABA2-0DCD6D5231D1}.Debug|Any CPU.Build.0 = Debug|Any CPU
		{4774EABD-69B2-4264-ABA2-0DCD6D5231D1}.Release|Any CPU.ActiveCfg = Release|Any CPU
		{4774EABD-69B2-4264-ABA2-0DCD6D5231D1}.Release|Any CPU.Build.0 = Release|Any CPU
	EndGlobalSection
	GlobalSection(SolutionProperties) = preSolution
		HideSolutionNode = FALSE
	EndGlobalSection
	GlobalSection(ExtensibilityGlobals) = postSolution
		SolutionGuid = {EE5C6DDE-33D9-418D-94BB-08729A092602}
	EndGlobalSection
EndGlobal
